
Microsoft Visual Studio Solution File, Format Version 12.00
# Visual Studio Version 17
VisualStudioVersion = 17.2.32630.192
MinimumVisualStudioVersion = 10.0.40219.1
Project("{FAE04EC0-301F-11D3-BF4B-00C04F79EFBC}") = "pokedex", "pokedex.csproj", "{A1263271-F247-4A12-8050-2C13D60277D9}"
EndProject
Global
	GlobalSection(SolutionConfigurationPlatforms) = preSolution
		Debug|Any CPU = Debug|Any CPU
		Release|Any CPU = Release|Any CPU
	EndGlobalSection
	GlobalSection(ProjectConfigurationPlatforms) = postSolution
		{A1263271-F247-4A12-8050-2C13D60277D9}.Debug|Any CPU.ActiveCfg = Debug|Any CPU
		{A1263271-F247-4A12-8050-2C13D60277D9}.Debug|Any CPU.Build.0 = Debug|Any CPU
		{A1263271-F247-4A12-8050-2C13D60277D9}.Release|Any CPU.ActiveCfg = Release|Any CPU
		{A1263271-F247-4A12-8050-2C13D60277D9}.Release|Any CPU.Build.0 = Release|Any CPU
	EndGlobalSection
	GlobalSection(SolutionProperties) = preSolution
		HideSolutionNode = FALSE
	EndGlobalSection
	GlobalSection(ExtensibilityGlobals) = postSolution
		SolutionGuid = {037ADE2B-39AF-4F05-94EF-A359BAB56759}
	EndGlobalSection
EndGlobal
